{
  "nodes": {
    "ags": {
      "inputs": {
        "astal": [
          "stash",
          "astal"
        ],
        "nixpkgs": [
          "stash",
          "nixpkgs"
        ]
      },
      "locked": {
        "lastModified": 1738087375,
        "narHash": "sha256-GLyNtU9A2VN22jNRHZ2OXuFfTJLh8uEVVt+ftsKUX0c=",
        "owner": "aylur",
        "repo": "ags",
        "rev": "a6a7a0adb17740f4c34a59902701870d46fbb6a4",
        "type": "github"
      },
      "original": {
        "owner": "aylur",
        "repo": "ags",
        "type": "github"
      }
    },
    "astal": {
      "inputs": {
        "nixpkgs": "nixpkgs_3"
      },
      "locked": {
        "lastModified": 1741863581,
        "narHash": "sha256-datQsagelizLX/7Mb7aSOic7X49GZUzZsWzBzDZOY4U=",
        "owner": "aylur",
        "repo": "astal",
        "rev": "69efb4c91e590adcb5a3d8938454f987982e3891",
        "type": "github"
      },
      "original": {
        "owner": "aylur",
        "repo": "astal",
        "type": "github"
      }
    },
    "firefox-gnome-theme": {
      "flake": false,
      "locked": {
        "lastModified": 1742930572,
        "narHash": "sha256-zOXxXXJ3Fss28gFc8BWijKd25MesO3ViuRq3CRkI6Wg=",
        "owner": "rafaelmardojai",
        "repo": "firefox-gnome-theme",
        "rev": "6cb02d0cb8df67502f2f1daea0b9b1c20df58960",
        "type": "github"
      },
      "original": {
        "owner": "rafaelmardojai",
        "repo": "firefox-gnome-theme",
        "type": "github"
      }
    },
    "flake-utils": {
      "inputs": {
        "systems": "systems"
      },
      "locked": {
        "lastModified": 1681202837,
        "narHash": "sha256-H+Rh19JDwRtpVPAWp64F+rlEtxUWBAQW28eAi3SRSzg=",
        "owner": "numtide",
        "repo": "flake-utils",
        "rev": "cfacdce06f30d2b68473a46042957675eebb3401",
        "type": "github"
      },
      "original": {
        "owner": "numtide",
        "repo": "flake-utils",
        "type": "github"
      }
    },
    "home-manager": {
      "inputs": {
        "nixpkgs": [
          "nixpkgs"
        ]
      },
      "locked": {
        "lastModified": 1743556466,
        "narHash": "sha256-rvU79DJ6rPDxiH0sTp686Vlm+JewwAZPGcwt8OfHJbM=",
        "owner": "nix-community",
        "repo": "home-manager",
        "rev": "5ee44bc7c2e853f144390a12ebe5174ad7e3b9e0",
        "type": "github"
      },
      "original": {
        "owner": "nix-community",
        "repo": "home-manager",
        "type": "github"
      }
    },
    "nixpkgs": {
      "locked": {
        "lastModified": 1743315132,
        "narHash": "sha256-6hl6L/tRnwubHcA4pfUUtk542wn2Om+D4UnDhlDW9BE=",
        "owner": "NixOS",
        "repo": "nixpkgs",
        "rev": "52faf482a3889b7619003c0daec593a1912fddc1",
        "type": "github"
      },
      "original": {
        "owner": "NixOS",
        "ref": "nixos-unstable",
        "repo": "nixpkgs",
        "type": "github"
      }
    },
    "nixpkgs_2": {
      "locked": {
        "lastModified": 1743315132,
        "narHash": "sha256-6hl6L/tRnwubHcA4pfUUtk542wn2Om+D4UnDhlDW9BE=",
        "owner": "NixOS",
        "repo": "nixpkgs",
        "rev": "52faf482a3889b7619003c0daec593a1912fddc1",
        "type": "github"
      },
      "original": {
        "owner": "NixOS",
        "ref": "nixos-unstable",
        "repo": "nixpkgs",
        "type": "github"
      }
    },
    "nixpkgs_3": {
      "locked": {
        "lastModified": 1737469691,
        "narHash": "sha256-nmKOgAU48S41dTPIXAq0AHZSehWUn6ZPrUKijHAMmIk=",
        "owner": "nixos",
        "repo": "nixpkgs",
        "rev": "9e4d5190a9482a1fb9d18adf0bdb83c6e506eaab",
        "type": "github"
      },
      "original": {
        "owner": "nixos",
        "ref": "nixos-unstable",
        "repo": "nixpkgs",
        "type": "github"
      }
    },
    "nixpkgs_4": {
      "locked": {
        "lastModified": 1741851582,
        "narHash": "sha256-cPfs8qMccim2RBgtKGF+x9IBCduRvd/N5F4nYpU0TVE=",
        "owner": "nixos",
        "repo": "nixpkgs",
        "rev": "6607cf789e541e7873d40d3a8f7815ea92204f32",
        "type": "github"
      },
      "original": {
        "owner": "nixos",
        "ref": "nixos-unstable",
        "repo": "nixpkgs",
        "type": "github"
      }
    },
    "nixpkgs_5": {
      "locked": {
        "lastModified": 1682134069,
        "narHash": "sha256-TnI/ZXSmRxQDt2sjRYK/8j8iha4B4zP2cnQCZZ3vp7k=",
        "owner": "NixOS",
        "repo": "nixpkgs",
        "rev": "fd901ef4bf93499374c5af385b2943f5801c0833",
        "type": "github"
      },
      "original": {
        "id": "nixpkgs",
        "type": "indirect"
      }
    },
    "pipewire-screenaudio": {
      "inputs": {
        "nixpkgs": "nixpkgs_2"
      },
      "locked": {
        "lastModified": 1720719825,
        "narHash": "sha256-+StN4RWwuVHmGFHeDr815t8lTWmRNC16uGTx8jEffPw=",
        "owner": "IceDBorn",
        "repo": "pipewire-screenaudio",
        "rev": "bd404d0ee4b32fb797f2dcdeee3b6e773c06455c",
        "type": "github"
      },
      "original": {
        "owner": "IceDBorn",
        "repo": "pipewire-screenaudio",
        "type": "github"
      }
    },
    "root": {
      "inputs": {
        "firefox-gnome-theme": "firefox-gnome-theme",
        "home-manager": "home-manager",
        "nixpkgs": "nixpkgs",
        "pipewire-screenaudio": "pipewire-screenaudio",
        "stash": "stash",
        "vscode-server": "vscode-server"
      }
    },
    "stash": {
      "inputs": {
        "ags": "ags",
        "astal": "astal",
        "nixpkgs": "nixpkgs_4"
      },
      "locked": {
        "lastModified": 1742845804,
        "narHash": "sha256-+yXHTIOMu4zjIE29fJbZyAWueGJv6JVDGJec3AVDXyo=",
        "owner": "caioasmuniz",
        "repo": "stash",
        "rev": "a23fb24e48b4333a223ea8544d1899ba8ece0126",
        "type": "github"
      },
      "original": {
        "owner": "caioasmuniz",
        "repo": "stash",
        "type": "github"
      }
    },
    "systems": {
      "locked": {
        "lastModified": 1681028828,
        "narHash": "sha256-Vy1rq5AaRuLzOxct8nz4T6wlgyUR7zLU309k9mBC768=",
        "owner": "nix-systems",
        "repo": "default",
        "rev": "da67096a3b9bf56a91d16901293e51ba5b49a27e",
        "type": "github"
      },
      "original": {
        "owner": "nix-systems",
        "repo": "default",
        "type": "github"
      }
    },
    "vscode-server": {
      "inputs": {
        "flake-utils": "flake-utils",
        "nixpkgs": "nixpkgs_5"
      },
      "locked": {
        "lastModified": 1729422940,
        "narHash": "sha256-DlvJv33ml5UTKgu4b0HauOfFIoDx6QXtbqUF3vWeRCY=",
        "owner": "nix-community",
        "repo": "nixos-vscode-server",
        "rev": "8b6db451de46ecf9b4ab3d01ef76e59957ff549f",
        "type": "github"
      },
      "original": {
        "owner": "nix-community",
        "repo": "nixos-vscode-server",
        "type": "github"
      }
    }
  },
  "root": "root",
  "version": 7
}
